
Microsoft Visual Studio Solution File, Format Version 12.00
# Visual Studio Version 17
VisualStudioVersion = 17.4.33213.308
MinimumVisualStudioVersion = 10.0.40219.1
Project("{FAE04EC0-301F-11D3-BF4B-00C04F79EFBC}") = "OL Learning", "OL Learning\OL Learning.csproj", "{7EA946E8-580F-419D-AB9C-78EB188A372C}"
EndProject
Global
	GlobalSection(SolutionConfigurationPlatforms) = preSolution
		Debug|Any CPU = Debug|Any CPU
		Release|Any CPU = Release|Any CPU
	EndGlobalSection
	GlobalSection(ProjectConfigurationPlatforms) = postSolution
		{7EA946E8-580F-419D-AB9C-78EB188A372C}.Debug|Any CPU.ActiveCfg = Debug|Any CPU
		{7EA946E8-580F-419D-AB9C-78EB188A372C}.Debug|Any CPU.Build.0 = Debug|Any CPU
		{7EA946E8-580F-419D-AB9C-78EB188A372C}.Release|Any CPU.ActiveCfg = Release|Any CPU
		{7EA946E8-580F-419D-AB9C-78EB188A372C}.Release|Any CPU.Build.0 = Release|Any CPU
	EndGlobalSection
	GlobalSection(SolutionProperties) = preSolution
		HideSolutionNode = FALSE
	EndGlobalSection
	GlobalSection(ExtensibilityGlobals) = postSolution
		SolutionGuid = {BFB40DDC-CFE8-444F-BE5D-C88B7C955B22}
	EndGlobalSection
EndGlobal
